
Microsoft Visual Studio Solution File, Format Version 12.00
# Visual Studio Version 17
VisualStudioVersion = 17.14.37614.0 d17.14
MinimumVisualStudioVersion = 10.0.40219.1
Project("{FAE04EC0-301F-11D3-BF4B-00C04F79EFBC}") = "SistemaBancario.BE", "SistemaBancario.BE\SistemaBancario.BE.csproj", "{FD0022E5-2792-4475-822C-15DB0B898D6C}"
EndProject
Project("{FAE04EC0-301F-11D3-BF4B-00C04F79EFBC}") = "SistemBancario.BLL", "SistemBancario.BLL\SistemBancario.BLL.csproj", "{9E3D1363-14D5-4FB1-9623-6A47D69E0D38}"
EndProject
Project("{FAE04EC0-301F-11D3-BF4B-00C04F79EFBC}") = "SistemaBancario.DAL", "SistemaBancario.DAL\SistemaBancario.DAL.csproj", "{F2AB090A-75D9-4421-AE73-CFB9198AD802}"
EndProject
Project("{FAE04EC0-301F-11D3-BF4B-00C04F79EFBC}") = "SistemaBancario.Mapper", "SistemaBancario.Mapper\SistemaBancario.Mapper.csproj", "{BE7E34CE-1C3F-43BE-A04F-C5989DCEB23F}"
EndProject
Project("{FAE04EC0-301F-11D3-BF4B-00C04F79EFBC}") = "SistemaBancario.UI", "SistemaBancario.UI\SistemaBancario.UI.csproj", "{E3F48662-E4E3-4388-9728-DDE6FD4B417D}"
EndProject
Global
	GlobalSection(SolutionConfigurationPlatforms) = preSolution
		Debug|Any CPU = Debug|Any CPU
		Release|Any CPU = Release|Any CPU
	EndGlobalSection
	GlobalSection(ProjectConfigurationPlatforms) = postSolution
		{FD0022E5-2792-4475-822C-15DB0B898D6C}.Debug|Any CPU.ActiveCfg = Debug|Any CPU
		{FD0022E5-2792-4475-822C-15DB0B898D6C}.Debug|Any CPU.Build.0 = Debug|Any CPU
		{FD0022E5-2792-4475-822C-15DB0B898D6C}.Release|Any CPU.ActiveCfg = Release|Any CPU
		{FD0022E5-2792-4475-822C-15DB0B898D6C}.Release|Any CPU.Build.0 = Release|Any CPU
		{9E3D1363-14D5-4FB1-9623-6A47D69E0D38}.Debug|Any CPU.ActiveCfg = Debug|Any CPU
		{9E3D1363-14D5-4FB1-9623-6A47D69E0D38}.Debug|Any CPU.Build.0 = Debug|Any CPU
		{9E3D1363-14D5-4FB1-9623-6A47D69E0D38}.Release|Any CPU.ActiveCfg = Release|Any CPU
		{9E3D1363-14D5-4FB1-9623-6A47D69E0D38}.Release|Any CPU.Build.0 = Release|Any CPU
		{F2AB090A-75D9-4421-AE73-CFB9198AD802}.Debug|Any CPU.ActiveCfg = Debug|Any CPU
		{F2AB090A-75D9-4421-AE73-CFB9198AD802}.Debug|Any CPU.Build.0 = Debug|Any CPU
		{F2AB090A-75D9-4421-AE73-CFB9198AD802}.Release|Any CPU.ActiveCfg = Release|Any CPU
		{F2AB090A-75D9-4421-AE73-CFB9198AD802}.Release|Any CPU.Build.0 = Release|Any CPU
		{BE7E34CE-1C3F-43BE-A04F-C5989DCEB23F}.Debug|Any CPU.ActiveCfg = Debug|Any CPU
		{BE7E34CE-1C3F-43BE-A04F-C5989DCEB23F}.Debug|Any CPU.Build.0 = Debug|Any CPU
		{BE7E34CE-1C3F-43BE-A04F-C5989DCEB23F}.Release|Any CPU.ActiveCfg = Release|Any CPU
		{BE7E34CE-1C3F-43BE-A04F-C5989DCEB23F}.Release|Any CPU.Build.0 = Release|Any CPU
		{E3F48662-E4E3-4388-9728-DDE6FD4B417D}.Debug|Any CPU.ActiveCfg = Debug|Any CPU
		{E3F48662-E4E3-4388-9728-DDE6FD4B417D}.Debug|Any CPU.Build.0 = Debug|Any CPU
		{E3F48662-E4E3-4388-9728-DDE6FD4B417D}.Release|Any CPU.ActiveCfg = Release|Any CPU
		{E3F48662-E4E3-4388-9728-DDE6FD4B417D}.Release|Any CPU.Build.0 = Release|Any CPU
	EndGlobalSection
	GlobalSection(SolutionProperties) = preSolution
		HideSolutionNode = FALSE
	EndGlobalSection
	GlobalSection(ExtensibilityGlobals) = postSolution
		SolutionGuid = {B4E1EC05-7190-4E1C-B03C-3242372E6BC9}
	EndGlobalSection
EndGlobal
